
Microsoft Visual Studio Solution File, Format Version 12.00
# Visual Studio Version 17
VisualStudioVersion = 17.6.33815.320
MinimumVisualStudioVersion = 10.0.40219.1
Project("{FAE04EC0-301F-11D3-BF4B-00C04F79EFBC}") = "ExercicioAbstrato", "ExercicioAbstrato\ExercicioAbstrato.csproj", "{543814F3-6728-4D25-AF63-9A2227377A3B}"
EndProject
Global
	GlobalSection(SolutionConfigurationPlatforms) = preSolution
		Debug|Any CPU = Debug|Any CPU
		Release|Any CPU = Release|Any CPU
	EndGlobalSection
	GlobalSection(ProjectConfigurationPlatforms) = postSolution
		{543814F3-6728-4D25-AF63-9A2227377A3B}.Debug|Any CPU.ActiveCfg = Debug|Any CPU
		{543814F3-6728-4D25-AF63-9A2227377A3B}.Debug|Any CPU.Build.0 = Debug|Any CPU
		{543814F3-6728-4D25-AF63-9A2227377A3B}.Release|Any CPU.ActiveCfg = Release|Any CPU
		{543814F3-6728-4D25-AF63-9A2227377A3B}.Release|Any CPU.Build.0 = Release|Any CPU
	EndGlobalSection
	GlobalSection(SolutionProperties) = preSolution
		HideSolutionNode = FALSE
	EndGlobalSection
	GlobalSection(ExtensibilityGlobals) = postSolution
		SolutionGuid = {9524D2AE-8BAC-461A-81D2-55A54D462CB1}
	EndGlobalSection
EndGlobal
